
Microsoft Visual Studio Solution File, Format Version 12.00
# Visual Studio Version 17
VisualStudioVersion = 17.0.31612.314
MinimumVisualStudioVersion = 10.0.40219.1
Project("{FAE04EC0-301F-11D3-BF4B-00C04F79EFBC}") = "GUI6", "GUI6\GUI6.csproj", "{2A06EF97-909D-463D-8085-89CC6F4ED73A}"
EndProject
Global
	GlobalSection(SolutionConfigurationPlatforms) = preSolution
		Debug|Any CPU = Debug|Any CPU
		Release|Any CPU = Release|Any CPU
	EndGlobalSection
	GlobalSection(ProjectConfigurationPlatforms) = postSolution
		{2A06EF97-909D-463D-8085-89CC6F4ED73A}.Debug|Any CPU.ActiveCfg = Debug|Any CPU
		{2A06EF97-909D-463D-8085-89CC6F4ED73A}.Debug|Any CPU.Build.0 = Debug|Any CPU
		{2A06EF97-909D-463D-8085-89CC6F4ED73A}.Release|Any CPU.ActiveCfg = Release|Any CPU
		{2A06EF97-909D-463D-8085-89CC6F4ED73A}.Release|Any CPU.Build.0 = Release|Any CPU
	EndGlobalSection
	GlobalSection(SolutionProperties) = preSolution
		HideSolutionNode = FALSE
	EndGlobalSection
	GlobalSection(ExtensibilityGlobals) = postSolution
		SolutionGuid = {2CCA43C7-B2F7-4185-B2E2-8095333C5F00}
	EndGlobalSection
EndGlobal
